{
    "_readme": [
        "This file locks the dependencies of your project to a known state",
        "Read more about it at https://getcomposer.org/doc/01-basic-usage.md#installing-dependencies",
        "This file is @generated automatically"
    ],
    "content-hash": "7e82cf34162a34c46e1fe6337e3bf08f",
    "packages": [
        {
            "name": "josh/faker",
            "version": "0.0.8",
            "source": {
                "type": "git",
                "url": "https://github.com/iamalirezaj/faker.git",
                "reference": "57b79379dbaef8265fd0a0054ca3977d2b25ab50"
            },
            "dist": {
                "type": "zip",
                "url": "https://api.github.com/repos/iamalirezaj/faker/zipball/57b79379dbaef8265fd0a0054ca3977d2b25ab50",
                "reference": "57b79379dbaef8265fd0a0054ca3977d2b25ab50",
                "shasum": ""
            },
            "require": {
                "php": ">=5.6"
            },
            "require-dev": {
                "phpunit/phpunit": "^5.6"
            },
            "type": "library",
            "autoload": {
                "psr-4": {
                    "Josh\\Faker\\": "src/"
                },
                "files": [
                    "src/helpers.php"
                ]
            },
            "notification-url": "https://packagist.org/downloads/",
            "license": [
                "MIT"
            ],
            "authors": [
                {
                    "name": "Alireza Josheghani",
                    "email": "josheghani.dev@gmail.com"
                }
            ],
            "description": "A library for generate fake items",
            "time": "2018-10-17T08:40:22+00:00"
        }
    ],
    "packages-dev": [],
    "aliases": [],
    "minimum-stability": "stable",
    "stability-flags": [],
    "prefer-stable": false,
    "prefer-lowest": false,
    "platform": [],
    "platform-dev": []
}
